
Microsoft Visual Studio Solution File, Format Version 12.00
# Visual Studio Version 16
VisualStudioVersion = 16.0.30907.101
MinimumVisualStudioVersion = 10.0.40219.1
Project("{FAE04EC0-301F-11D3-BF4B-00C04F79EFBC}") = "LB1", "LB1\LB1.csproj", "{66E4DF78-A550-498A-9114-EF842206725D}"
EndProject
Project("{FAE04EC0-301F-11D3-BF4B-00C04F79EFBC}") = "LB2", "LB2\LB2.csproj", "{AEFE8038-C393-4329-B2BF-8300263350A5}"
EndProject
Global
	GlobalSection(SolutionConfigurationPlatforms) = preSolution
		Debug|Any CPU = Debug|Any CPU
		Release|Any CPU = Release|Any CPU
	EndGlobalSection
	GlobalSection(ProjectConfigurationPlatforms) = postSolution
		{66E4DF78-A550-498A-9114-EF842206725D}.Debug|Any CPU.ActiveCfg = Debug|Any CPU
		{66E4DF78-A550-498A-9114-EF842206725D}.Debug|Any CPU.Build.0 = Debug|Any CPU
		{66E4DF78-A550-498A-9114-EF842206725D}.Release|Any CPU.ActiveCfg = Release|Any CPU
		{66E4DF78-A550-498A-9114-EF842206725D}.Release|Any CPU.Build.0 = Release|Any CPU
		{AEFE8038-C393-4329-B2BF-8300263350A5}.Debug|Any CPU.ActiveCfg = Debug|Any CPU
		{AEFE8038-C393-4329-B2BF-8300263350A5}.Debug|Any CPU.Build.0 = Debug|Any CPU
		{AEFE8038-C393-4329-B2BF-8300263350A5}.Release|Any CPU.ActiveCfg = Release|Any CPU
		{AEFE8038-C393-4329-B2BF-8300263350A5}.Release|Any CPU.Build.0 = Release|Any CPU
	EndGlobalSection
	GlobalSection(SolutionProperties) = preSolution
		HideSolutionNode = FALSE
	EndGlobalSection
	GlobalSection(ExtensibilityGlobals) = postSolution
		SolutionGuid = {6368D487-39C0-42AD-B4C0-06BE6248A8FB}
	EndGlobalSection
EndGlobal
