
Microsoft Visual Studio Solution File, Format Version 12.00
# Visual Studio Version 16
VisualStudioVersion = 16.0.30907.101
MinimumVisualStudioVersion = 10.0.40219.1
Project("{FAE04EC0-301F-11D3-BF4B-00C04F79EFBC}") = "Demo1", "Demo1\Demo1.csproj", "{42B23946-8634-486E-9235-FD052EE5D84A}"
EndProject
Project("{FAE04EC0-301F-11D3-BF4B-00C04F79EFBC}") = "LB1", "LB1\LB1.csproj", "{E89084FC-99F3-4D63-BB47-AE038AC27B91}"
EndProject
Project("{FAE04EC0-301F-11D3-BF4B-00C04F79EFBC}") = "Demo", "Demo\Demo.csproj", "{681EB747-652B-483F-B97B-EA015AB596BB}"
EndProject
Project("{FAE04EC0-301F-11D3-BF4B-00C04F79EFBC}") = "LB2", "LB2\LB2.csproj", "{EE8E8D92-B31A-49FC-977A-8F43AE0B1789}"
EndProject
Global
	GlobalSection(SolutionConfigurationPlatforms) = preSolution
		Debug|Any CPU = Debug|Any CPU
		Release|Any CPU = Release|Any CPU
	EndGlobalSection
	GlobalSection(ProjectConfigurationPlatforms) = postSolution
		{42B23946-8634-486E-9235-FD052EE5D84A}.Debug|Any CPU.ActiveCfg = Debug|Any CPU
		{42B23946-8634-486E-9235-FD052EE5D84A}.Debug|Any CPU.Build.0 = Debug|Any CPU
		{42B23946-8634-486E-9235-FD052EE5D84A}.Release|Any CPU.ActiveCfg = Release|Any CPU
		{42B23946-8634-486E-9235-FD052EE5D84A}.Release|Any CPU.Build.0 = Release|Any CPU
		{E89084FC-99F3-4D63-BB47-AE038AC27B91}.Debug|Any CPU.ActiveCfg = Debug|Any CPU
		{E89084FC-99F3-4D63-BB47-AE038AC27B91}.Debug|Any CPU.Build.0 = Debug|Any CPU
		{E89084FC-99F3-4D63-BB47-AE038AC27B91}.Release|Any CPU.ActiveCfg = Release|Any CPU
		{E89084FC-99F3-4D63-BB47-AE038AC27B91}.Release|Any CPU.Build.0 = Release|Any CPU
		{681EB747-652B-483F-B97B-EA015AB596BB}.Debug|Any CPU.ActiveCfg = Debug|Any CPU
		{681EB747-652B-483F-B97B-EA015AB596BB}.Debug|Any CPU.Build.0 = Debug|Any CPU
		{681EB747-652B-483F-B97B-EA015AB596BB}.Release|Any CPU.ActiveCfg = Release|Any CPU
		{681EB747-652B-483F-B97B-EA015AB596BB}.Release|Any CPU.Build.0 = Release|Any CPU
		{EE8E8D92-B31A-49FC-977A-8F43AE0B1789}.Debug|Any CPU.ActiveCfg = Debug|Any CPU
		{EE8E8D92-B31A-49FC-977A-8F43AE0B1789}.Debug|Any CPU.Build.0 = Debug|Any CPU
		{EE8E8D92-B31A-49FC-977A-8F43AE0B1789}.Release|Any CPU.ActiveCfg = Release|Any CPU
		{EE8E8D92-B31A-49FC-977A-8F43AE0B1789}.Release|Any CPU.Build.0 = Release|Any CPU
	EndGlobalSection
	GlobalSection(SolutionProperties) = preSolution
		HideSolutionNode = FALSE
	EndGlobalSection
	GlobalSection(ExtensibilityGlobals) = postSolution
		SolutionGuid = {6B7FF3A5-780A-49F6-808E-508853966C83}
	EndGlobalSection
EndGlobal
