
Microsoft Visual Studio Solution File, Format Version 12.00
# Visual Studio Version 16
VisualStudioVersion = 16.0.30804.86
MinimumVisualStudioVersion = 10.0.40219.1
Project("{FAE04EC0-301F-11D3-BF4B-00C04F79EFBC}") = "Lab1", "Lab1\Lab1.csproj", "{BD4B77D0-A5D5-4DA8-B412-439C72D37C6B}"
EndProject
Project("{FAE04EC0-301F-11D3-BF4B-00C04F79EFBC}") = "Lab02", "Lab02\Lab02.csproj", "{B18B8E62-3259-4A79-8287-59C9DB79AEC3}"
EndProject
Project("{FAE04EC0-301F-11D3-BF4B-00C04F79EFBC}") = "LB4", "LB4\LB4.csproj", "{15649D35-ACFE-4702-832E-0A22B2430E85}"
EndProject
Global
	GlobalSection(SolutionConfigurationPlatforms) = preSolution
		Debug|Any CPU = Debug|Any CPU
		Release|Any CPU = Release|Any CPU
	EndGlobalSection
	GlobalSection(ProjectConfigurationPlatforms) = postSolution
		{BD4B77D0-A5D5-4DA8-B412-439C72D37C6B}.Debug|Any CPU.ActiveCfg = Debug|Any CPU
		{BD4B77D0-A5D5-4DA8-B412-439C72D37C6B}.Debug|Any CPU.Build.0 = Debug|Any CPU
		{BD4B77D0-A5D5-4DA8-B412-439C72D37C6B}.Release|Any CPU.ActiveCfg = Release|Any CPU
		{BD4B77D0-A5D5-4DA8-B412-439C72D37C6B}.Release|Any CPU.Build.0 = Release|Any CPU
		{B18B8E62-3259-4A79-8287-59C9DB79AEC3}.Debug|Any CPU.ActiveCfg = Debug|Any CPU
		{B18B8E62-3259-4A79-8287-59C9DB79AEC3}.Debug|Any CPU.Build.0 = Debug|Any CPU
		{B18B8E62-3259-4A79-8287-59C9DB79AEC3}.Release|Any CPU.ActiveCfg = Release|Any CPU
		{B18B8E62-3259-4A79-8287-59C9DB79AEC3}.Release|Any CPU.Build.0 = Release|Any CPU
		{15649D35-ACFE-4702-832E-0A22B2430E85}.Debug|Any CPU.ActiveCfg = Debug|Any CPU
		{15649D35-ACFE-4702-832E-0A22B2430E85}.Debug|Any CPU.Build.0 = Debug|Any CPU
		{15649D35-ACFE-4702-832E-0A22B2430E85}.Release|Any CPU.ActiveCfg = Release|Any CPU
		{15649D35-ACFE-4702-832E-0A22B2430E85}.Release|Any CPU.Build.0 = Release|Any CPU
	EndGlobalSection
	GlobalSection(SolutionProperties) = preSolution
		HideSolutionNode = FALSE
	EndGlobalSection
	GlobalSection(ExtensibilityGlobals) = postSolution
		SolutionGuid = {A869CA26-2CE7-4D2F-A942-2C053DAF6CC2}
	EndGlobalSection
EndGlobal
