
Microsoft Visual Studio Solution File, Format Version 12.00
# Visual Studio Version 16
VisualStudioVersion = 16.0.30907.101
MinimumVisualStudioVersion = 10.0.40219.1
Project("{FAE04EC0-301F-11D3-BF4B-00C04F79EFBC}") = "LB4", "LB4\LB4.csproj", "{7DDE0D07-AE4A-4BBA-9325-A229F1DF0E35}"
EndProject
Project("{FAE04EC0-301F-11D3-BF4B-00C04F79EFBC}") = "LB5", "LB5\LB5.csproj", "{CDAD35D7-1A68-4712-888B-C28B4C583ED7}"
EndProject
Global
	GlobalSection(SolutionConfigurationPlatforms) = preSolution
		Debug|Any CPU = Debug|Any CPU
		Release|Any CPU = Release|Any CPU
	EndGlobalSection
	GlobalSection(ProjectConfigurationPlatforms) = postSolution
		{7DDE0D07-AE4A-4BBA-9325-A229F1DF0E35}.Debug|Any CPU.ActiveCfg = Debug|Any CPU
		{7DDE0D07-AE4A-4BBA-9325-A229F1DF0E35}.Debug|Any CPU.Build.0 = Debug|Any CPU
		{7DDE0D07-AE4A-4BBA-9325-A229F1DF0E35}.Release|Any CPU.ActiveCfg = Release|Any CPU
		{7DDE0D07-AE4A-4BBA-9325-A229F1DF0E35}.Release|Any CPU.Build.0 = Release|Any CPU
		{CDAD35D7-1A68-4712-888B-C28B4C583ED7}.Debug|Any CPU.ActiveCfg = Debug|Any CPU
		{CDAD35D7-1A68-4712-888B-C28B4C583ED7}.Debug|Any CPU.Build.0 = Debug|Any CPU
		{CDAD35D7-1A68-4712-888B-C28B4C583ED7}.Release|Any CPU.ActiveCfg = Release|Any CPU
		{CDAD35D7-1A68-4712-888B-C28B4C583ED7}.Release|Any CPU.Build.0 = Release|Any CPU
	EndGlobalSection
	GlobalSection(SolutionProperties) = preSolution
		HideSolutionNode = FALSE
	EndGlobalSection
	GlobalSection(ExtensibilityGlobals) = postSolution
		SolutionGuid = {1028EAC0-B8F2-4CA2-A403-D83A8D08F8D4}
	EndGlobalSection
EndGlobal
