
Microsoft Visual Studio Solution File, Format Version 12.00
# Visual Studio Version 16
VisualStudioVersion = 16.0.30804.86
MinimumVisualStudioVersion = 10.0.40219.1
Project("{FAE04EC0-301F-11D3-BF4B-00C04F79EFBC}") = "Demo1", "Demo1\Demo1.csproj", "{3B44D870-0204-49A6-A783-9CE6D9D98135}"
EndProject
Global
	GlobalSection(SolutionConfigurationPlatforms) = preSolution
		Debug|Any CPU = Debug|Any CPU
		Release|Any CPU = Release|Any CPU
	EndGlobalSection
	GlobalSection(ProjectConfigurationPlatforms) = postSolution
		{3B44D870-0204-49A6-A783-9CE6D9D98135}.Debug|Any CPU.ActiveCfg = Debug|Any CPU
		{3B44D870-0204-49A6-A783-9CE6D9D98135}.Debug|Any CPU.Build.0 = Debug|Any CPU
		{3B44D870-0204-49A6-A783-9CE6D9D98135}.Release|Any CPU.ActiveCfg = Release|Any CPU
		{3B44D870-0204-49A6-A783-9CE6D9D98135}.Release|Any CPU.Build.0 = Release|Any CPU
	EndGlobalSection
	GlobalSection(SolutionProperties) = preSolution
		HideSolutionNode = FALSE
	EndGlobalSection
	GlobalSection(ExtensibilityGlobals) = postSolution
		SolutionGuid = {6E925FA3-9564-4432-B7AC-970C77220BF1}
	EndGlobalSection
EndGlobal
